
Microsoft Visual Studio Solution File, Format Version 12.00
# Visual Studio Version 17
VisualStudioVersion = 17.5.002.0
MinimumVisualStudioVersion = 10.0.40219.1
Project("{9A19103F-16F7-4668-BE54-9A1E7A4F7556}") = "Fan_Class", "Fan_Class.csproj", "{387649D1-1874-40A9-B940-05CC838EB42E}"
EndProject
Global
	GlobalSection(SolutionConfigurationPlatforms) = preSolution
		Debug|Any CPU = Debug|Any CPU
		Release|Any CPU = Release|Any CPU
	EndGlobalSection
	GlobalSection(ProjectConfigurationPlatforms) = postSolution
		{387649D1-1874-40A9-B940-05CC838EB42E}.Debug|Any CPU.ActiveCfg = Debug|Any CPU
		{387649D1-1874-40A9-B940-05CC838EB42E}.Debug|Any CPU.Build.0 = Debug|Any CPU
		{387649D1-1874-40A9-B940-05CC838EB42E}.Release|Any CPU.ActiveCfg = Release|Any CPU
		{387649D1-1874-40A9-B940-05CC838EB42E}.Release|Any CPU.Build.0 = Release|Any CPU
	EndGlobalSection
	GlobalSection(SolutionProperties) = preSolution
		HideSolutionNode = FALSE
	EndGlobalSection
	GlobalSection(ExtensibilityGlobals) = postSolution
		SolutionGuid = {17FFB2AA-0B7D-471D-BE6C-00AFC5B72CB6}
	EndGlobalSection
EndGlobal
